{
  "name": "spaced_rep_jan_2025",
  "version": "1.0.0",
  "lockfileVersion": 2,
  "requires": true,
  "packages": {
    "": {
      "name": "spaced_rep_jan_2025",
      "version": "1.0.0",
      "license": "ISC",
      "dependencies": {
        "spaced_rep_jan_2025": "file:"
      }
    },
    "node_modules/spaced_rep_jan_2025": {
      "resolved": "",
      "link": true
    }
  },
  "dependencies": {
    "spaced_rep_jan_2025": {
      "version": "file:",
      "requires": {
        "spaced_rep_jan_2025": "file:"
      }
    }
  }
}
